Microsoft Visual Studio Solution File, Format Version 12.00
# Visual Studio 15
VisualStudioVersion = 15.0.26730.10
MinimumVisualStudioVersion = 10.0.40219.1
Project("{9A19103F-16F7-4668-BE54-9A1E7A4F7556}") = "UTorrent.Api.UnitTest", "UTorrent.Api.UnitTest\UTorrent.Api.UnitTest.csproj", "{97195674-9526-4A38-B532-D996B38A3F7D}"
EndProject
Project("{9A19103F-16F7-4668-BE54-9A1E7A4F7556}") = "UTorrentClientApi", "UTorrentClientApi\UTorrentClientApi.csproj", "{EBAD0750-7772-433F-AF37-A8C6CEFBEF1D}"
EndProject
Global
	GlobalSection(SolutionConfigurationPlatforms) = preSolution
		Debug|Any CPU = Debug|Any CPU
		Debug|x64 = Debug|x64
		Debug|x86 = Debug|x86
		Release|Any CPU = Release|Any CPU
		Release|x64 = Release|x64
		Release|x86 = Release|x86
	EndGlobalSection
	GlobalSection(ProjectConfigurationPlatforms) = postSolution
		{97195674-9526-4A38-B532-D996B38A3F7D}.Debug|Any CPU.ActiveCfg = Debug|Any CPU
		{97195674-9526-4A38-B532-D996B38A3F7D}.Debug|Any CPU.Build.0 = Debug|Any CPU
		{97195674-9526-4A38-B532-D996B38A3F7D}.Debug|x64.ActiveCfg = Debug|Any CPU
		{97195674-9526-4A38-B532-D996B38A3F7D}.Debug|x64.Build.0 = Debug|Any CPU
		{97195674-9526-4A38-B532-D996B38A3F7D}.Debug|x86.ActiveCfg = Debug|Any CPU
		{97195674-9526-4A38-B532-D996B38A3F7D}.Debug|x86.Build.0 = Debug|Any CPU
		{97195674-9526-4A38-B532-D996B38A3F7D}.Release|Any CPU.ActiveCfg = Release|Any CPU
		{97195674-9526-4A38-B532-D996B38A3F7D}.Release|Any CPU.Build.0 = Release|Any CPU
		{97195674-9526-4A38-B532-D996B38A3F7D}.Release|x64.ActiveCfg = Release|Any CPU
		{97195674-9526-4A38-B532-D996B38A3F7D}.Release|x64.Build.0 = Release|Any CPU
		{97195674-9526-4A38-B532-D996B38A3F7D}.Release|x86.ActiveCfg = Release|Any CPU
		{97195674-9526-4A38-B532-D996B38A3F7D}.Release|x86.Build.0 = Release|Any CPU
		{EBAD0750-7772-433F-AF37-A8C6CEFBEF1D}.Debug|Any CPU.ActiveCfg = Debug|Any CPU
		{EBAD0750-7772-433F-AF37-A8C6CEFBEF1D}.Debug|Any CPU.Build.0 = Debug|Any CPU
		{EBAD0750-7772-433F-AF37-A8C6CEFBEF1D}.Debug|x64.ActiveCfg = Debug|Any CPU
		{EBAD0750-7772-433F-AF37-A8C6CEFBEF1D}.Debug|x64.Build.0 = Debug|Any CPU
		{EBAD0750-7772-433F-AF37-A8C6CEFBEF1D}.Debug|x86.ActiveCfg = Debug|Any CPU
		{EBAD0750-7772-433F-AF37-A8C6CEFBEF1D}.Debug|x86.Build.0 = Debug|Any CPU
		{EBAD0750-7772-433F-AF37-A8C6CEFBEF1D}.Release|Any CPU.ActiveCfg = Release|Any CPU
		{EBAD0750-7772-433F-AF37-A8C6CEFBEF1D}.Release|Any CPU.Build.0 = Release|Any CPU
		{EBAD0750-7772-433F-AF37-A8C6CEFBEF1D}.Release|x64.ActiveCfg = Release|Any CPU
		{EBAD0750-7772-433F-AF37-A8C6CEFBEF1D}.Release|x64.Build.0 = Release|Any CPU
		{EBAD0750-7772-433F-AF37-A8C6CEFBEF1D}.Release|x86.ActiveCfg = Release|Any CPU
		{EBAD0750-7772-433F-AF37-A8C6CEFBEF1D}.Release|x86.Build.0 = Release|Any CPU
	EndGlobalSection
	GlobalSection(SolutionProperties) = preSolution
		HideSolutionNode = FALSE
	EndGlobalSection
	GlobalSection(ExtensibilityGlobals) = postSolution
		SolutionGuid = {2C9EEE2D-9687-4C62-9DEA-550DFDC0CCD6}
	EndGlobalSection
EndGlobal
